
Microsoft Visual Studio Solution File, Format Version 12.00
# Visual Studio Version 17
VisualStudioVersion = 17.11.35222.181
MinimumVisualStudioVersion = 10.0.40219.1
Project("{2150E333-8FDC-42A3-9474-1A3956D46DE8}") = "src", "src", "{3158AFA0-B986-47DB-89CE-F8C9D1775E33}"
EndProject
Project("{2150E333-8FDC-42A3-9474-1A3956D46DE8}") = "Solution Items", "Solution Items", "{4DF94DAA-A2F9-4387-B1AE-99046F526245}"
	ProjectSection(SolutionItems) = preProject
		ServiceUrls.txt = ServiceUrls.txt
	EndProjectSection
EndProject
Project("{2150E333-8FDC-42A3-9474-1A3956D46DE8}") = "BuildingBlocks", "BuildingBlocks", "{D01183FF-264E-4687-AB24-F39A2DFCBECD}"
EndProject
Project("{2150E333-8FDC-42A3-9474-1A3956D46DE8}") = "Services", "Services", "{BC915000-F6E9-45FE-AFA4-BDED0EFD8D6F}"
EndProject
Project("{2150E333-8FDC-42A3-9474-1A3956D46DE8}") = "Clients", "Clients", "{3DD300B4-9A69-4FF0-9578-83EA11B1CFB1}"
EndProject
Project("{2150E333-8FDC-42A3-9474-1A3956D46DE8}") = "ApiGateways", "ApiGateways", "{4B1FE6B8-0AA6-4265-B0B6-96D556161FFE}"
EndProject
Project("{2150E333-8FDC-42A3-9474-1A3956D46DE8}") = "WebAPIGateway", "WebAPIGateway", "{400E1B75-A62B-4FAD-966D-FD7AD255EEC9}"
EndProject
Project("{9A19103F-16F7-4668-BE54-9A1E7A4F7556}") = "Web.ApiGateway", "ApiGateways\WebApiGateway\Web.ApiGateway\Web.ApiGateway.csproj", "{C03B1ADC-253E-49B7-8EA0-0F463158D6B9}"
EndProject
Project("{2150E333-8FDC-42A3-9474-1A3956D46DE8}") = "EventBus", "EventBus", "{1BBC895E-9A50-48E0-B662-6CD37F6FAE81}"
EndProject
Project("{9A19103F-16F7-4668-BE54-9A1E7A4F7556}") = "EventBus.Base", "BuildingBlocks\EventBus\EventBus.Base\EventBus.Base.csproj", "{F5CA3676-B154-4E5D-B74D-C008C32F6AAC}"
EndProject
Project("{9A19103F-16F7-4668-BE54-9A1E7A4F7556}") = "EventBus.Factory", "BuildingBlocks\EventBus\EventBus.Factory\EventBus.Factory.csproj", "{422046AD-7226-4500-8F14-DB15F35E239C}"
EndProject
Project("{9A19103F-16F7-4668-BE54-9A1E7A4F7556}") = "EventBus.AzureServiceBus", "BuildingBlocks\EventBus\EventBus.AzureServiceBus\EventBus.AzureServiceBus.csproj", "{10D52D61-29D7-47E1-99BD-DED0AC5D60F9}"
EndProject
Project("{9A19103F-16F7-4668-BE54-9A1E7A4F7556}") = "EventBus.RabbitMQ", "BuildingBlocks\EventBus\EventBus.RabbitMQ\EventBus.RabbitMQ.csproj", "{F101A28E-D52D-4B3D-85DC-0AB12CB88821}"
EndProject
Project("{2150E333-8FDC-42A3-9474-1A3956D46DE8}") = "BlazorWebApp", "BlazorWebApp", "{9A90EB11-5D76-4F78-91A3-1D9C11DB7E17}"
EndProject
Project("{FAE04EC0-301F-11D3-BF4B-00C04F79EFBC}") = "WebApp", "Clients\BlazorWebApp\BlazorApp1\WebApp.csproj", "{EFAE2D8E-FBDB-41A4-9621-68975152EDC3}"
EndProject
Project("{2150E333-8FDC-42A3-9474-1A3956D46DE8}") = "BasketService", "BasketService", "{0EA45BD3-0B2C-4504-99E3-EE736EAEF209}"
EndProject
Project("{9A19103F-16F7-4668-BE54-9A1E7A4F7556}") = "BasketService.Api", "Services\BasketService\BasketService\BasketService.Api.csproj", "{DE6032DF-2C32-4929-BEE6-A87E889401D4}"
EndProject
Project("{2150E333-8FDC-42A3-9474-1A3956D46DE8}") = "CatalogService", "CatalogService", "{CE9A7EC9-BFA1-4327-BCDA-0295784A9449}"
EndProject
Project("{9A19103F-16F7-4668-BE54-9A1E7A4F7556}") = "CatalogService.Api", "Services\CatalogService\CatalogService\CatalogService.Api.csproj", "{FA0B7FBD-10BC-4B75-8074-2610D20D011B}"
EndProject
Project("{2150E333-8FDC-42A3-9474-1A3956D46DE8}") = "IdentityService", "IdentityService", "{188E0F31-AF7D-48D5-8E63-5E36D4462B2A}"
EndProject
Project("{FAE04EC0-301F-11D3-BF4B-00C04F79EFBC}") = "IdentityService.Api", "IdentityService.Api\IdentityService.Api.csproj", "{1B442492-BFD5-4282-BE93-95E4BA0BDD21}"
EndProject
Project("{2150E333-8FDC-42A3-9474-1A3956D46DE8}") = "NotificationService", "NotificationService", "{3EA1E57C-5640-41E7-98DA-77E29FDCDE5C}"
EndProject
Project("{FAE04EC0-301F-11D3-BF4B-00C04F79EFBC}") = "NotificationService", "NotificationService\NotificationService.csproj", "{29FD9B9C-CD84-4A6C-8C5F-D51487F14ECF}"
EndProject
Project("{2150E333-8FDC-42A3-9474-1A3956D46DE8}") = "OrderService", "OrderService", "{15B0F75F-9DCC-4FCA-A496-7C9FF5F53741}"
EndProject
Project("{FAE04EC0-301F-11D3-BF4B-00C04F79EFBC}") = "OrderService.Domain", "OrderService.Domain\OrderService.Domain.csproj", "{2154999A-CC49-497A-8C94-5A564CB55CB4}"
EndProject
Project("{FAE04EC0-301F-11D3-BF4B-00C04F79EFBC}") = "OrderService.Application", "OrderService.Application\OrderService.Application.csproj", "{B080E2C0-1E50-483D-BE73-5F596AC0A67A}"
EndProject
Project("{FAE04EC0-301F-11D3-BF4B-00C04F79EFBC}") = "OrderService.Infrastructure", "OrderService.Infrastructure\OrderService.Infrastructure.csproj", "{E0B121AE-73F2-4470-B78A-326B0806F7FF}"
EndProject
Project("{FAE04EC0-301F-11D3-BF4B-00C04F79EFBC}") = "OrderService.Api", "OrderService.Api\OrderService.Api.csproj", "{53A9D0B7-9650-4951-BA04-6653CEA25608}"
EndProject
Project("{2150E333-8FDC-42A3-9474-1A3956D46DE8}") = "PaymentService", "PaymentService", "{D0B232A4-A86C-47A1-B7AE-367CA0012903}"
EndProject
Project("{FAE04EC0-301F-11D3-BF4B-00C04F79EFBC}") = "PaymentService.Api", "PaymentService.Api\PaymentService.Api.csproj", "{85E5CA83-0703-4A3C-9D2F-E4F507B9E563}"
EndProject
Global
	GlobalSection(SolutionConfigurationPlatforms) = preSolution
		Debug|Any CPU = Debug|Any CPU
		Release|Any CPU = Release|Any CPU
	EndGlobalSection
	GlobalSection(ProjectConfigurationPlatforms) = postSolution
		{C03B1ADC-253E-49B7-8EA0-0F463158D6B9}.Debug|Any CPU.ActiveCfg = Debug|Any CPU
		{C03B1ADC-253E-49B7-8EA0-0F463158D6B9}.Debug|Any CPU.Build.0 = Debug|Any CPU
		{C03B1ADC-253E-49B7-8EA0-0F463158D6B9}.Release|Any CPU.ActiveCfg = Release|Any CPU
		{C03B1ADC-253E-49B7-8EA0-0F463158D6B9}.Release|Any CPU.Build.0 = Release|Any CPU
		{F5CA3676-B154-4E5D-B74D-C008C32F6AAC}.Debug|Any CPU.ActiveCfg = Debug|Any CPU
		{F5CA3676-B154-4E5D-B74D-C008C32F6AAC}.Debug|Any CPU.Build.0 = Debug|Any CPU
		{F5CA3676-B154-4E5D-B74D-C008C32F6AAC}.Release|Any CPU.ActiveCfg = Release|Any CPU
		{F5CA3676-B154-4E5D-B74D-C008C32F6AAC}.Release|Any CPU.Build.0 = Release|Any CPU
		{422046AD-7226-4500-8F14-DB15F35E239C}.Debug|Any CPU.ActiveCfg = Debug|Any CPU
		{422046AD-7226-4500-8F14-DB15F35E239C}.Debug|Any CPU.Build.0 = Debug|Any CPU
		{422046AD-7226-4500-8F14-DB15F35E239C}.Release|Any CPU.ActiveCfg = Release|Any CPU
		{422046AD-7226-4500-8F14-DB15F35E239C}.Release|Any CPU.Build.0 = Release|Any CPU
		{10D52D61-29D7-47E1-99BD-DED0AC5D60F9}.Debug|Any CPU.ActiveCfg = Debug|Any CPU
		{10D52D61-29D7-47E1-99BD-DED0AC5D60F9}.Debug|Any CPU.Build.0 = Debug|Any CPU
		{10D52D61-29D7-47E1-99BD-DED0AC5D60F9}.Release|Any CPU.ActiveCfg = Release|Any CPU
		{10D52D61-29D7-47E1-99BD-DED0AC5D60F9}.Release|Any CPU.Build.0 = Release|Any CPU
		{F101A28E-D52D-4B3D-85DC-0AB12CB88821}.Debug|Any CPU.ActiveCfg = Debug|Any CPU
		{F101A28E-D52D-4B3D-85DC-0AB12CB88821}.Debug|Any CPU.Build.0 = Debug|Any CPU
		{F101A28E-D52D-4B3D-85DC-0AB12CB88821}.Release|Any CPU.ActiveCfg = Release|Any CPU
		{F101A28E-D52D-4B3D-85DC-0AB12CB88821}.Release|Any CPU.Build.0 = Release|Any CPU
		{EFAE2D8E-FBDB-41A4-9621-68975152EDC3}.Debug|Any CPU.ActiveCfg = Debug|Any CPU
		{EFAE2D8E-FBDB-41A4-9621-68975152EDC3}.Debug|Any CPU.Build.0 = Debug|Any CPU
		{EFAE2D8E-FBDB-41A4-9621-68975152EDC3}.Release|Any CPU.ActiveCfg = Release|Any CPU
		{EFAE2D8E-FBDB-41A4-9621-68975152EDC3}.Release|Any CPU.Build.0 = Release|Any CPU
		{DE6032DF-2C32-4929-BEE6-A87E889401D4}.Debug|Any CPU.ActiveCfg = Debug|Any CPU
		{DE6032DF-2C32-4929-BEE6-A87E889401D4}.Debug|Any CPU.Build.0 = Debug|Any CPU
		{DE6032DF-2C32-4929-BEE6-A87E889401D4}.Release|Any CPU.ActiveCfg = Release|Any CPU
		{DE6032DF-2C32-4929-BEE6-A87E889401D4}.Release|Any CPU.Build.0 = Release|Any CPU
		{FA0B7FBD-10BC-4B75-8074-2610D20D011B}.Debug|Any CPU.ActiveCfg = Debug|Any CPU
		{FA0B7FBD-10BC-4B75-8074-2610D20D011B}.Debug|Any CPU.Build.0 = Debug|Any CPU
		{FA0B7FBD-10BC-4B75-8074-2610D20D011B}.Release|Any CPU.ActiveCfg = Release|Any CPU
		{FA0B7FBD-10BC-4B75-8074-2610D20D011B}.Release|Any CPU.Build.0 = Release|Any CPU
		{1B442492-BFD5-4282-BE93-95E4BA0BDD21}.Debug|Any CPU.ActiveCfg = Debug|Any CPU
		{1B442492-BFD5-4282-BE93-95E4BA0BDD21}.Debug|Any CPU.Build.0 = Debug|Any CPU
		{1B442492-BFD5-4282-BE93-95E4BA0BDD21}.Release|Any CPU.ActiveCfg = Release|Any CPU
		{1B442492-BFD5-4282-BE93-95E4BA0BDD21}.Release|Any CPU.Build.0 = Release|Any CPU
		{29FD9B9C-CD84-4A6C-8C5F-D51487F14ECF}.Debug|Any CPU.ActiveCfg = Debug|Any CPU
		{29FD9B9C-CD84-4A6C-8C5F-D51487F14ECF}.Debug|Any CPU.Build.0 = Debug|Any CPU
		{29FD9B9C-CD84-4A6C-8C5F-D51487F14ECF}.Release|Any CPU.ActiveCfg = Release|Any CPU
		{29FD9B9C-CD84-4A6C-8C5F-D51487F14ECF}.Release|Any CPU.Build.0 = Release|Any CPU
		{2154999A-CC49-497A-8C94-5A564CB55CB4}.Debug|Any CPU.ActiveCfg = Debug|Any CPU
		{2154999A-CC49-497A-8C94-5A564CB55CB4}.Debug|Any CPU.Build.0 = Debug|Any CPU
		{2154999A-CC49-497A-8C94-5A564CB55CB4}.Release|Any CPU.ActiveCfg = Release|Any CPU
		{2154999A-CC49-497A-8C94-5A564CB55CB4}.Release|Any CPU.Build.0 = Release|Any CPU
		{B080E2C0-1E50-483D-BE73-5F596AC0A67A}.Debug|Any CPU.ActiveCfg = Debug|Any CPU
		{B080E2C0-1E50-483D-BE73-5F596AC0A67A}.Debug|Any CPU.Build.0 = Debug|Any CPU
		{B080E2C0-1E50-483D-BE73-5F596AC0A67A}.Release|Any CPU.ActiveCfg = Release|Any CPU
		{B080E2C0-1E50-483D-BE73-5F596AC0A67A}.Release|Any CPU.Build.0 = Release|Any CPU
		{E0B121AE-73F2-4470-B78A-326B0806F7FF}.Debug|Any CPU.ActiveCfg = Debug|Any CPU
		{E0B121AE-73F2-4470-B78A-326B0806F7FF}.Debug|Any CPU.Build.0 = Debug|Any CPU
		{E0B121AE-73F2-4470-B78A-326B0806F7FF}.Release|Any CPU.ActiveCfg = Release|Any CPU
		{E0B121AE-73F2-4470-B78A-326B0806F7FF}.Release|Any CPU.Build.0 = Release|Any CPU
		{53A9D0B7-9650-4951-BA04-6653CEA25608}.Debug|Any CPU.ActiveCfg = Debug|Any CPU
		{53A9D0B7-9650-4951-BA04-6653CEA25608}.Debug|Any CPU.Build.0 = Debug|Any CPU
		{53A9D0B7-9650-4951-BA04-6653CEA25608}.Release|Any CPU.ActiveCfg = Release|Any CPU
		{53A9D0B7-9650-4951-BA04-6653CEA25608}.Release|Any CPU.Build.0 = Release|Any CPU
		{85E5CA83-0703-4A3C-9D2F-E4F507B9E563}.Debug|Any CPU.ActiveCfg = Debug|Any CPU
		{85E5CA83-0703-4A3C-9D2F-E4F507B9E563}.Debug|Any CPU.Build.0 = Debug|Any CPU
		{85E5CA83-0703-4A3C-9D2F-E4F507B9E563}.Release|Any CPU.ActiveCfg = Release|Any CPU
		{85E5CA83-0703-4A3C-9D2F-E4F507B9E563}.Release|Any CPU.Build.0 = Release|Any CPU
	EndGlobalSection
	GlobalSection(SolutionProperties) = preSolution
		HideSolutionNode = FALSE
	EndGlobalSection
	GlobalSection(NestedProjects) = preSolution
		{D01183FF-264E-4687-AB24-F39A2DFCBECD} = {3158AFA0-B986-47DB-89CE-F8C9D1775E33}
		{BC915000-F6E9-45FE-AFA4-BDED0EFD8D6F} = {3158AFA0-B986-47DB-89CE-F8C9D1775E33}
		{3DD300B4-9A69-4FF0-9578-83EA11B1CFB1} = {3158AFA0-B986-47DB-89CE-F8C9D1775E33}
		{4B1FE6B8-0AA6-4265-B0B6-96D556161FFE} = {3158AFA0-B986-47DB-89CE-F8C9D1775E33}
		{400E1B75-A62B-4FAD-966D-FD7AD255EEC9} = {4B1FE6B8-0AA6-4265-B0B6-96D556161FFE}
		{C03B1ADC-253E-49B7-8EA0-0F463158D6B9} = {400E1B75-A62B-4FAD-966D-FD7AD255EEC9}
		{1BBC895E-9A50-48E0-B662-6CD37F6FAE81} = {D01183FF-264E-4687-AB24-F39A2DFCBECD}
		{F5CA3676-B154-4E5D-B74D-C008C32F6AAC} = {1BBC895E-9A50-48E0-B662-6CD37F6FAE81}
		{422046AD-7226-4500-8F14-DB15F35E239C} = {1BBC895E-9A50-48E0-B662-6CD37F6FAE81}
		{10D52D61-29D7-47E1-99BD-DED0AC5D60F9} = {1BBC895E-9A50-48E0-B662-6CD37F6FAE81}
		{F101A28E-D52D-4B3D-85DC-0AB12CB88821} = {1BBC895E-9A50-48E0-B662-6CD37F6FAE81}
		{9A90EB11-5D76-4F78-91A3-1D9C11DB7E17} = {3DD300B4-9A69-4FF0-9578-83EA11B1CFB1}
		{EFAE2D8E-FBDB-41A4-9621-68975152EDC3} = {9A90EB11-5D76-4F78-91A3-1D9C11DB7E17}
		{0EA45BD3-0B2C-4504-99E3-EE736EAEF209} = {BC915000-F6E9-45FE-AFA4-BDED0EFD8D6F}
		{DE6032DF-2C32-4929-BEE6-A87E889401D4} = {0EA45BD3-0B2C-4504-99E3-EE736EAEF209}
		{CE9A7EC9-BFA1-4327-BCDA-0295784A9449} = {BC915000-F6E9-45FE-AFA4-BDED0EFD8D6F}
		{FA0B7FBD-10BC-4B75-8074-2610D20D011B} = {CE9A7EC9-BFA1-4327-BCDA-0295784A9449}
		{188E0F31-AF7D-48D5-8E63-5E36D4462B2A} = {BC915000-F6E9-45FE-AFA4-BDED0EFD8D6F}
		{1B442492-BFD5-4282-BE93-95E4BA0BDD21} = {188E0F31-AF7D-48D5-8E63-5E36D4462B2A}
		{3EA1E57C-5640-41E7-98DA-77E29FDCDE5C} = {BC915000-F6E9-45FE-AFA4-BDED0EFD8D6F}
		{29FD9B9C-CD84-4A6C-8C5F-D51487F14ECF} = {3EA1E57C-5640-41E7-98DA-77E29FDCDE5C}
		{15B0F75F-9DCC-4FCA-A496-7C9FF5F53741} = {BC915000-F6E9-45FE-AFA4-BDED0EFD8D6F}
		{2154999A-CC49-497A-8C94-5A564CB55CB4} = {15B0F75F-9DCC-4FCA-A496-7C9FF5F53741}
		{B080E2C0-1E50-483D-BE73-5F596AC0A67A} = {15B0F75F-9DCC-4FCA-A496-7C9FF5F53741}
		{E0B121AE-73F2-4470-B78A-326B0806F7FF} = {15B0F75F-9DCC-4FCA-A496-7C9FF5F53741}
		{53A9D0B7-9650-4951-BA04-6653CEA25608} = {15B0F75F-9DCC-4FCA-A496-7C9FF5F53741}
		{D0B232A4-A86C-47A1-B7AE-367CA0012903} = {BC915000-F6E9-45FE-AFA4-BDED0EFD8D6F}
		{85E5CA83-0703-4A3C-9D2F-E4F507B9E563} = {D0B232A4-A86C-47A1-B7AE-367CA0012903}
	EndGlobalSection
	GlobalSection(ExtensibilityGlobals) = postSolution
		SolutionGuid = {FFDD7448-1649-4338-A58D-3E7B7BAAC2CD}
	EndGlobalSection
EndGlobal
